dependencies:
  arduino:
    component_hash: null
    source:
      path: C:\Users\jcmartins\Downloads\GitHub\uCNC\managed_components\arduino
      type: local
    version: '*'
  esp_littlefs:
    component_hash: null
    source:
      path: C:\Users\jcmartins\Downloads\GitHub\uCNC\managed_components\esp_littlefs
      type: local
    version: 1.10.2
  idf:
    component_hash: null
    source:
      type: idf
    version: 4.4.4
manifest_hash: 320a78cf32f56a13dd61606b915e27f8ebfdda36df2a712c2e9ead1eeba90e7b
target: esp32
version: 1.0.0
